
Microsoft Visual Studio Solution File, Format Version 12.00
# Visual Studio Version 16
VisualStudioVersion = 16.0.30204.135
MinimumVisualStudioVersion = 10.0.40219.1
Project("{FAE04EC0-301F-11D3-BF4B-00C04F79EFBC}") = "Exercises", "Exercises\Exercises.csproj", "{EF2D09DC-FCE0-4B85-8FB8-6B59AF9C44E8}"
EndProject
Global
	GlobalSection(SolutionConfigurationPlatforms) = preSolution
		Debug|Any CPU = Debug|Any CPU
		Release|Any CPU = Release|Any CPU
	EndGlobalSection
	GlobalSection(ProjectConfigurationPlatforms) = postSolution
		{EF2D09DC-FCE0-4B85-8FB8-6B59AF9C44E8}.Debug|Any CPU.ActiveCfg = Debug|Any CPU
		{EF2D09DC-FCE0-4B85-8FB8-6B59AF9C44E8}.Debug|Any CPU.Build.0 = Debug|Any CPU
		{EF2D09DC-FCE0-4B85-8FB8-6B59AF9C44E8}.Release|Any CPU.ActiveCfg = Release|Any CPU
		{EF2D09DC-FCE0-4B85-8FB8-6B59AF9C44E8}.Release|Any CPU.Build.0 = Release|Any CPU
	EndGlobalSection
	GlobalSection(SolutionProperties) = preSolution
		HideSolutionNode = FALSE
	EndGlobalSection
	GlobalSection(ExtensibilityGlobals) = postSolution
		SolutionGuid = {842AA783-E52D-4BC4-B53B-E25CB4495F0D}
	EndGlobalSection
EndGlobal
